// !$*UTF8*$!
{
	archiveVersion = 1;
	classes = {
	};
	objectVersion = 50;
	objects = {

/* Begin PBXBuildFile section */
		96BD32C523216DB2009652FE /* AppDelegate.swift in Sources */ = {isa = PBXBuildFile; fileRef = 96BD32C423216DB2009652FE /* AppDelegate.swift */; };
		96BD32CA23216DB2009652FE /* Main.storyboard in Resources */ = {isa = PBXBuildFile; fileRef = 96BD32C823216DB2009652FE /* Main.storyboard */; };
		96BD32CC23216DB4009652FE /* Assets.xcassets in Resources */ = {isa = PBXBuildFile; fileRef = 96BD32CB23216DB4009652FE /* Assets.xcassets */; };
		96BD32CF23216DB4009652FE /* LaunchScreen.storyboard in Resources */ = {isa = PBXBuildFile; fileRef = 96BD32CD23216DB4009652FE /* LaunchScreen.storyboard */; };
		96BD32DA23216DB4009652FE /* GoodNewsTests.swift in Sources */ = {isa = PBXBuildFile; fileRef = 96BD32D923216DB4009652FE /* GoodNewsTests.swift */; };
		96BD32E523216DB4009652FE /* GoodNewsUITests.swift in Sources */ = {isa = PBXBuildFile; fileRef = 96BD32E423216DB4009652FE /* GoodNewsUITests.swift */; };
		96BD32F423216E25009652FE /* NewsListTableViewController.swift in Sources */ = {isa = PBXBuildFile; fileRef = 96BD32F323216E25009652FE /* NewsListTableViewController.swift */; };
		96BD32F72321718A009652FE /* webservices.swift in Sources */ = {isa = PBXBuildFile; fileRef = 96BD32F62321718A009652FE /* webservices.swift */; };
		96BD32FA232174F1009652FE /* Article.swift in Sources */ = {isa = PBXBuildFile; fileRef = 96BD32F9232174F1009652FE /* Article.swift */; };
		96BD32FD2321786E009652FE /* ArticleViewModel.swift in Sources */ = {isa = PBXBuildFile; fileRef = 96BD32FC2321786E009652FE /* ArticleViewModel.swift */; };
		96BD330023217C54009652FE /* ArticleTableViewCell.swift in Sources */ = {isa = PBXBuildFile; fileRef = 96BD32FF23217C54009652FE /* ArticleTableViewCell.swift */; };
/* End PBXBuildFile section */

/* Begin PBXContainerItemProxy section */
		96BD32D623216DB4009652FE /* PBXContainerItemProxy */ = {
			isa = PBXContainerItemProxy;
			containerPortal = 96BD32B923216DB2009652FE /* Project object */;
			proxyType = 1;
			remoteGlobalIDString = 96BD32C023216DB2009652FE;
			remoteInfo = GoodNews;
		};
		96BD32E123216DB4009652FE /* PBXContainerItemProxy */ = {
			isa = PBXContainerItemProxy;
			containerPortal = 96BD32B923216DB2009652FE /* Project object */;
			proxyType = 1;
			remoteGlobalIDString = 96BD32C023216DB2009652FE;
			remoteInfo = GoodNews;
		};
/* End PBXContainerItemProxy section */

/* Begin PBXFileReference section */
		96BD32C123216DB2009652FE /* GoodNews.app */ = {isa = PBXFileReference; explicitFileType = wrapper.application; includeInIndex = 0; path = GoodNews.app; sourceTree = BUILT_PRODUCTS_DIR; };
		96BD32C423216DB2009652FE /* AppDelegate.swift */ = {isa = PBXFileReference; lastKnownFileType = sourcecode.swift; path = AppDelegate.swift; sourceTree = "<group>"; };
		96BD32C923216DB2009652FE /* Base */ = {isa = PBXFileReference; lastKnownFileType = file.storyboard; name = Base; path = Base.lproj/Main.storyboard; sourceTree = "<group>"; };
		96BD32CB23216DB4009652FE /* Assets.xcassets */ = {isa = PBXFileReference; lastKnownFileType = folder.assetcatalog; path = Assets.xcassets; sourceTree = "<group>"; };
		96BD32CE23216DB4009652FE /* Base */ = {isa = PBXFileReference; lastKnownFileType = file.storyboard; name = Base; path = Base.lproj/LaunchScreen.storyboard; sourceTree = "<group>"; };
		96BD32D023216DB4009652FE /* Info.plist */ = {isa = PBXFileReference; lastKnownFileType = text.plist.xml; path = Info.plist; sourceTree = "<group>"; };
		96BD32D523216DB4009652FE /* GoodNewsTests.xctest */ = {isa = PBXFileReference; explicitFileType = wrapper.cfbundle; includeInIndex = 0; path = GoodNewsTests.xctest; sourceTree = BUILT_PRODUCTS_DIR; };
		96BD32D923216DB4009652FE /* GoodNewsTests.swift */ = {isa = PBXFileReference; lastKnownFileType = sourcecode.swift; path = GoodNewsTests.swift; sourceTree = "<group>"; };
		96BD32DB23216DB4009652FE /* Info.plist */ = {isa = PBXFileReference; lastKnownFileType = text.plist.xml; path = Info.plist; sourceTree = "<group>"; };
		96BD32E023216DB4009652FE /* GoodNewsUITests.xctest */ = {isa = PBXFileReference; explicitFileType = wrapper.cfbundle; includeInIndex = 0; path = GoodNewsUITests.xctest; sourceTree = BUILT_PRODUCTS_DIR; };
		96BD32E423216DB4009652FE /* GoodNewsUITests.swift */ = {isa = PBXFileReference; lastKnownFileType = sourcecode.swift; path = GoodNewsUITests.swift; sourceTree = "<group>"; };
		96BD32E623216DB4009652FE /* Info.plist */ = {isa = PBXFileReference; lastKnownFileType = text.plist.xml; path = Info.plist; sourceTree = "<group>"; };
		96BD32F323216E25009652FE /* NewsListTableViewController.swift */ = {isa = PBXFileReference; lastKnownFileType = sourcecode.swift; path = NewsListTableViewController.swift; sourceTree = "<group>"; };
		96BD32F62321718A009652FE /* webservices.swift */ = {isa = PBXFileReference; lastKnownFileType = sourcecode.swift; path = webservices.swift; sourceTree = "<group>"; };
		96BD32F9232174F1009652FE /* Article.swift */ = {isa = PBXFileReference; lastKnownFileType = sourcecode.swift; path = Article.swift; sourceTree = "<group>"; };
		96BD32FC2321786E009652FE /* ArticleViewModel.swift */ = {isa = PBXFileReference; lastKnownFileType = sourcecode.swift; path = ArticleViewModel.swift; sourceTree = "<group>"; };
		96BD32FF23217C54009652FE /* ArticleTableViewCell.swift */ = {isa = PBXFileReference; lastKnownFileType = sourcecode.swift; path = ArticleTableViewCell.swift; sourceTree = "<group>"; };
/* End PBXFileReference section */

/* Begin PBXFrameworksBuildPhase section */
		96BD32BE23216DB2009652FE /* Frameworks */ = {
			isa = PBXFrameworksBuildPhase;
			buildActionMask = 2147483647;
			files = (
			);
			runOnlyForDeploymentPostprocessing = 0;
		};
		96BD32D223216DB4009652FE /* Frameworks */ = {
			isa = PBXFrameworksBuildPhase;
			buildActionMask = 2147483647;
			files = (
			);
			runOnlyForDeploymentPostprocessing = 0;
		};
		96BD32DD23216DB4009652FE /* Frameworks */ = {
			isa = PBXFrameworksBuildPhase;
			buildActionMask = 2147483647;
			files = (
			);
			runOnlyForDeploymentPostprocessing = 0;
		};
/* End PBXFrameworksBuildPhase section */

/* Begin PBXGroup section */
		96BD32B823216DB2009652FE = {
			isa = PBXGroup;
			children = (
				96BD32C323216DB2009652FE /* GoodNews */,
				96BD32D823216DB4009652FE /* GoodNewsTests */,
				96BD32E323216DB4009652FE /* GoodNewsUITests */,
				96BD32C223216DB2009652FE /* Products */,
			);
			sourceTree = "<group>";
		};
		96BD32C223216DB2009652FE /* Products */ = {
			isa = PBXGroup;
			children = (
				96BD32C123216DB2009652FE /* GoodNews.app */,
				96BD32D523216DB4009652FE /* GoodNewsTests.xctest */,
				96BD32E023216DB4009652FE /* GoodNewsUITests.xctest */,
			);
			name = Products;
			sourceTree = "<group>";
		};
		96BD32C323216DB2009652FE /* GoodNews */ = {
			isa = PBXGroup;
			children = (
				96BD32FE23217C25009652FE /* Cells */,
				96BD32FB23217830009652FE /* ViewModel */,
				96BD32F823217498009652FE /* Model */,
				96BD32F523217165009652FE /* Serveces */,
				96BD32F223216DF3009652FE /* Controllers */,
				96BD32C423216DB2009652FE /* AppDelegate.swift */,
				96BD32C823216DB2009652FE /* Main.storyboard */,
				96BD32CB23216DB4009652FE /* Assets.xcassets */,
				96BD32CD23216DB4009652FE /* LaunchScreen.storyboard */,
				96BD32D023216DB4009652FE /* Info.plist */,
			);
			path = GoodNews;
			sourceTree = "<group>";
		};
		96BD32D823216DB4009652FE /* GoodNewsTests */ = {
			isa = PBXGroup;
			children = (
				96BD32D923216DB4009652FE /* GoodNewsTests.swift */,
				96BD32DB23216DB4009652FE /* Info.plist */,
			);
			path = GoodNewsTests;
			sourceTree = "<group>";
		};
		96BD32E323216DB4009652FE /* GoodNewsUITests */ = {
			isa = PBXGroup;
			children = (
				96BD32E423216DB4009652FE /* GoodNewsUITests.swift */,
				96BD32E623216DB4009652FE /* Info.plist */,
			);
			path = GoodNewsUITests;
			sourceTree = "<group>";
		};
		96BD32F223216DF3009652FE /* Controllers */ = {
			isa = PBXGroup;
			children = (
				96BD32F323216E25009652FE /* NewsListTableViewController.swift */,
			);
			path = Controllers;
			sourceTree = "<group>";
		};
		96BD32F523217165009652FE /* Serveces */ = {
			isa = PBXGroup;
			children = (
				96BD32F62321718A009652FE /* webservices.swift */,
			);
			path = Serveces;
			sourceTree = "<group>";
		};
		96BD32F823217498009652FE /* Model */ = {
			isa = PBXGroup;
			children = (
				96BD32F9232174F1009652FE /* Article.swift */,
			);
			path = Model;
			sourceTree = "<group>";
		};
		96BD32FB23217830009652FE /* ViewModel */ = {
			isa = PBXGroup;
			children = (
				96BD32FC2321786E009652FE /* ArticleViewModel.swift */,
			);
			path = ViewModel;
			sourceTree = "<group>";
		};
		96BD32FE23217C25009652FE /* Cells */ = {
			isa = PBXGroup;
			children = (
				96BD32FF23217C54009652FE /* ArticleTableViewCell.swift */,
			);
			path = Cells;
			sourceTree = "<group>";
		};
/* End PBXGroup section */

/* Begin PBXNativeTarget section */
		96BD32C023216DB2009652FE /* GoodNews */ = {
			isa = PBXNativeTarget;
			buildConfigurationList = 96BD32E923216DB4009652FE /* Build configuration list for PBXNativeTarget "GoodNews" */;
			buildPhases = (
				96BD32BD23216DB2009652FE /* Sources */,
				96BD32BE23216DB2009652FE /* Frameworks */,
				96BD32BF23216DB2009652FE /* Resources */,
			);
			buildRules = (
			);
			dependencies = (
			);
			name = GoodNews;
			productName = GoodNews;
			productReference = 96BD32C123216DB2009652FE /* GoodNews.app */;
			productType = "com.apple.product-type.application";
		};
		96BD32D423216DB4009652FE /* GoodNewsTests */ = {
			isa = PBXNativeTarget;
			buildConfigurationList = 96BD32EC23216DB4009652FE /* Build configuration list for PBXNativeTarget "GoodNewsTests" */;
			buildPhases = (
				96BD32D123216DB4009652FE /* Sources */,
				96BD32D223216DB4009652FE /* Frameworks */,
				96BD32D323216DB4009652FE /* Resources */,
			);
			buildRules = (
			);
			dependencies = (
				96BD32D723216DB4009652FE /* PBXTargetDependency */,
			);
			name = GoodNewsTests;
			productName = GoodNewsTests;
			productReference = 96BD32D523216DB4009652FE /* GoodNewsTests.xctest */;
			productType = "com.apple.product-type.bundle.unit-test";
		};
		96BD32DF23216DB4009652FE /* GoodNewsUITests */ = {
			isa = PBXNativeTarget;
			buildConfigurationList = 96BD32EF23216DB4009652FE /* Build configuration list for PBXNativeTarget "GoodNewsUITests" */;
			buildPhases = (
				96BD32DC23216DB4009652FE /* Sources */,
				96BD32DD23216DB4009652FE /* Frameworks */,
				96BD32DE23216DB4009652FE /* Resources */,
			);
			buildRules = (
			);
			dependencies = (
				96BD32E223216DB4009652FE /* PBXTargetDependency */,
			);
			name = GoodNewsUITests;
			productName = GoodNewsUITests;
			productReference = 96BD32E023216DB4009652FE /* GoodNewsUITests.xctest */;
			productType = "com.apple.product-type.bundle.ui-testing";
		};
/* End PBXNativeTarget section */

/* Begin PBXProject section */
		96BD32B923216DB2009652FE /* Project object */ = {
			isa = PBXProject;
			attributes = {
				LastSwiftUpdateCheck = 1030;
				LastUpgradeCheck = 1030;
				ORGANIZATIONNAME = EASIFY;
				TargetAttributes = {
					96BD32C023216DB2009652FE = {
						CreatedOnToolsVersion = 10.3;
					};
					96BD32D423216DB4009652FE = {
						CreatedOnToolsVersion = 10.3;
						TestTargetID = 96BD32C023216DB2009652FE;
					};
					96BD32DF23216DB4009652FE = {
						CreatedOnToolsVersion = 10.3;
						TestTargetID = 96BD32C023216DB2009652FE;
					};
				};
			};
			buildConfigurationList = 96BD32BC23216DB2009652FE /* Build configuration list for PBXProject "GoodNews" */;
			compatibilityVersion = "Xcode 9.3";
			developmentRegion = en;
			hasScannedForEncodings = 0;
			knownRegions = (
				en,
				Base,
			);
			mainGroup = 96BD32B823216DB2009652FE;
			productRefGroup = 96BD32C223216DB2009652FE /* Products */;
			projectDirPath = "";
			projectRoot = "";
			targets = (
				96BD32C023216DB2009652FE /* GoodNews */,
				96BD32D423216DB4009652FE /* GoodNewsTests */,
				96BD32DF23216DB4009652FE /* GoodNewsUITests */,
			);
		};
/* End PBXProject section */

/* Begin PBXResourcesBuildPhase section */
		96BD32BF23216DB2009652FE /* Resources */ = {
			isa = PBXResourcesBuildPhase;
			buildActionMask = 2147483647;
			files = (
				96BD32CF23216DB4009652FE /* LaunchScreen.storyboard in Resources */,
				96BD32CC23216DB4009652FE /* Assets.xcassets in Resources */,
				96BD32CA23216DB2009652FE /* Main.storyboard in Resources */,
			);
			runOnlyForDeploymentPostprocessing = 0;
		};
		96BD32D323216DB4009652FE /* Resources */ = {
			isa = PBXResourcesBuildPhase;
			buildActionMask = 2147483647;
			files = (
			);
			runOnlyForDeploymentPostprocessing = 0;
		};
		96BD32DE23216DB4009652FE /* Resources */ = {
			isa = PBXResourcesBuildPhase;
			buildActionMask = 2147483647;
			files = (
			);
			runOnlyForDeploymentPostprocessing = 0;
		};
/* End PBXResourcesBuildPhase section */

/* Begin PBXSourcesBuildPhase section */
		96BD32BD23216DB2009652FE /* Sources */ = {
			isa = PBXSourcesBuildPhase;
			buildActionMask = 2147483647;
			files = (
				96BD32FA232174F1009652FE /* Article.swift in Sources */,
				96BD32F423216E25009652FE /* NewsListTableViewController.swift in Sources */,
				96BD32F72321718A009652FE /* webservices.swift in Sources */,
				96BD32FD2321786E009652FE /* ArticleViewModel.swift in Sources */,
				96BD330023217C54009652FE /* ArticleTableViewCell.swift in Sources */,
				96BD32C523216DB2009652FE /* AppDelegate.swift in Sources */,
			);
			runOnlyForDeploymentPostprocessing = 0;
		};
		96BD32D123216DB4009652FE /* Sources */ = {
			isa = PBXSourcesBuildPhase;
			buildActionMask = 2147483647;
			files = (
				96BD32DA23216DB4009652FE /* GoodNewsTests.swift in Sources */,
			);
			runOnlyForDeploymentPostprocessing = 0;
		};
		96BD32DC23216DB4009652FE /* Sources */ = {
			isa = PBXSourcesBuildPhase;
			buildActionMask = 2147483647;
			files = (
				96BD32E523216DB4009652FE /* GoodNewsUITests.swift in Sources */,
			);
			runOnlyForDeploymentPostprocessing = 0;
		};
/* End PBXSourcesBuildPhase section */

/* Begin PBXTargetDependency section */
		96BD32D723216DB4009652FE /* PBXTargetDependency */ = {
			isa = PBXTargetDependency;
			target = 96BD32C023216DB2009652FE /* GoodNews */;
			targetProxy = 96BD32D623216DB4009652FE /* PBXContainerItemProxy */;
		};
		96BD32E223216DB4009652FE /* PBXTargetDependency */ = {
			isa = PBXTargetDependency;
			target = 96BD32C023216DB2009652FE /* GoodNews */;
			targetProxy = 96BD32E123216DB4009652FE /* PBXContainerItemProxy */;
		};
/* End PBXTargetDependency section */

/* Begin PBXVariantGroup section */
		96BD32C823216DB2009652FE /* Main.storyboard */ = {
			isa = PBXVariantGroup;
			children = (
				96BD32C923216DB2009652FE /* Base */,
			);
			name = Main.storyboard;
			sourceTree = "<group>";
		};
		96BD32CD23216DB4009652FE /* LaunchScreen.storyboard */ = {
			isa = PBXVariantGroup;
			children = (
				96BD32CE23216DB4009652FE /* Base */,
			);
			name = LaunchScreen.storyboard;
			sourceTree = "<group>";
		};
/* End PBXVariantGroup section */

/* Begin XCBuildConfiguration section */
		96BD32E723216DB4009652FE /* Debug */ = {
			isa = XCBuildConfiguration;
			buildSettings = {
				ALWAYS_SEARCH_USER_PATHS = NO;
				CLANG_ANALYZER_NONNULL = YES;
				CLANG_ANALYZER_NUMBER_OBJECT_CONVERSION = YES_AGGRESSIVE;
				CLANG_CXX_LANGUAGE_STANDARD = "gnu++14";
				CLANG_CXX_LIBRARY = "libc++";
				CLANG_ENABLE_MODULES = YES;
				CLANG_ENABLE_OBJC_ARC = YES;
				CLANG_ENABLE_OBJC_WEAK = YES;
				CLANG_WARN_BLOCK_CAPTURE_AUTORELEASING = YES;
				CLANG_WARN_BOOL_CONVERSION = YES;
				CLANG_WARN_COMMA = YES;
				CLANG_WARN_CONSTANT_CONVERSION = YES;
				CLANG_WARN_DEPRECATED_OBJC_IMPLEMENTATIONS = YES;
				CLANG_WARN_DIRECT_OBJC_ISA_USAGE = YES_ERROR;
				CLANG_WARN_DOCUMENTATION_COMMENTS = YES;
				CLANG_WARN_EMPTY_BODY = YES;
				CLANG_WARN_ENUM_CONVERSION = YES;
				CLANG_WARN_INFINITE_RECURSION = YES;
				CLANG_WARN_INT_CONVERSION = YES;
				CLANG_WARN_NON_LITERAL_NULL_CONVERSION = YES;
				CLANG_WARN_OBJC_IMPLICIT_RETAIN_SELF = YES;
				CLANG_WARN_OBJC_LITERAL_CONVERSION = YES;
				CLANG_WARN_OBJC_ROOT_CLASS = YES_ERROR;
				CLANG_WARN_RANGE_LOOP_ANALYSIS = YES;
				CLANG_WARN_STRICT_PROTOTYPES = YES;
				CLANG_WARN_SUSPICIOUS_MOVE = YES;
				CLANG_WARN_UNGUARDED_AVAILABILITY = YES_AGGRESSIVE;
				CLANG_WARN_UNREACHABLE_CODE = YES;
				CLANG_WARN__DUPLICATE_METHOD_MATCH = YES;
				CODE_SIGN_IDENTITY = "iPhone Developer";
				COPY_PHASE_STRIP = NO;
				DEBUG_INFORMATION_FORMAT = dwarf;
				ENABLE_STRICT_OBJC_MSGSEND = YES;
				ENABLE_TESTABILITY = YES;
				GCC_C_LANGUAGE_STANDARD = gnu11;
				GCC_DYNAMIC_NO_PIC = NO;
				GCC_NO_COMMON_BLOCKS = YES;
				GCC_OPTIMIZATION_LEVEL = 0;
				GCC_PREPROCESSOR_DEFINITIONS = (
					"DEBUG=1",
					"$(inherited)",
				);
				GCC_WARN_64_TO_32_BIT_CONVERSION = YES;
				GCC_WARN_ABOUT_RETURN_TYPE = YES_ERROR;
				GCC_WARN_UNDECLARED_SELECTOR = YES;
				GCC_WARN_UNINITIALIZED_AUTOS = YES_AGGRESSIVE;
				GCC_WARN_UNUSED_FUNCTION = YES;
				GCC_WARN_UNUSED_VARIABLE = YES;
				IPHONEOS_DEPLOYMENT_TARGET = 12.4;
				MTL_ENABLE_DEBUG_INFO = INCLUDE_SOURCE;
				MTL_FAST_MATH = YES;
				ONLY_ACTIVE_ARCH = YES;
				SDKROOT = iphoneos;
				SWIFT_ACTIVE_COMPILATION_CONDITIONS = DEBUG;
				SWIFT_OPTIMIZATION_LEVEL = "-Onone";
			};
			name = Debug;
		};
		96BD32E823216DB4009652FE /* Release */ = {
			isa = XCBuildConfiguration;
			buildSettings = {
				ALWAYS_SEARCH_USER_PATHS = NO;
				CLANG_ANALYZER_NONNULL = YES;
				CLANG_ANALYZER_NUMBER_OBJECT_CONVERSION = YES_AGGRESSIVE;
				CLANG_CXX_LANGUAGE_STANDARD = "gnu++14";
				CLANG_CXX_LIBRARY = "libc++";
				CLANG_ENABLE_MODULES = YES;
				CLANG_ENABLE_OBJC_ARC = YES;
				CLANG_ENABLE_OBJC_WEAK = YES;
				CLANG_WARN_BLOCK_CAPTURE_AUTORELEASING = YES;
				CLANG_WARN_BOOL_CONVERSION = YES;
				CLANG_WARN_COMMA = YES;
				CLANG_WARN_CONSTANT_CONVERSION = YES;
				CLANG_WARN_DEPRECATED_OBJC_IMPLEMENTATIONS = YES;
				CLANG_WARN_DIRECT_OBJC_ISA_USAGE = YES_ERROR;
				CLANG_WARN_DOCUMENTATION_COMMENTS = YES;
				CLANG_WARN_EMPTY_BODY = YES;
				CLANG_WARN_ENUM_CONVERSION = YES;
				CLANG_WARN_INFINITE_RECURSION = YES;
				CLANG_WARN_INT_CONVERSION = YES;
				CLANG_WARN_NON_LITERAL_NULL_CONVERSION = YES;
				CLANG_WARN_OBJC_IMPLICIT_RETAIN_SELF = YES;
				CLANG_WARN_OBJC_LITERAL_CONVERSION = YES;
				CLANG_WARN_OBJC_ROOT_CLASS = YES_ERROR;
				CLANG_WARN_RANGE_LOOP_ANALYSIS = YES;
				CLANG_WARN_STRICT_PROTOTYPES = YES;
				CLANG_WARN_SUSPICIOUS_MOVE = YES;
				CLANG_WARN_UNGUARDED_AVAILABILITY = YES_AGGRESSIVE;
				CLANG_WARN_UNREACHABLE_CODE = YES;
				CLANG_WARN__DUPLICATE_METHOD_MATCH = YES;
				CODE_SIGN_IDENTITY = "iPhone Developer";
				COPY_PHASE_STRIP = NO;
				DEBUG_INFORMATION_FORMAT = "dwarf-with-dsym";
				ENABLE_NS_ASSERTIONS = NO;
				ENABLE_STRICT_OBJC_MSGSEND = YES;
				GCC_C_LANGUAGE_STANDARD = gnu11;
				GCC_NO_COMMON_BLOCKS = YES;
				GCC_WARN_64_TO_32_BIT_CONVERSION = YES;
				GCC_WARN_ABOUT_RETURN_TYPE = YES_ERROR;
				GCC_WARN_UNDECLARED_SELECTOR = YES;
				GCC_WARN_UNINITIALIZED_AUTOS = YES_AGGRESSIVE;
				GCC_WARN_UNUSED_FUNCTION = YES;
				GCC_WARN_UNUSED_VARIABLE = YES;
				IPHONEOS_DEPLOYMENT_TARGET = 12.4;
				MTL_ENABLE_DEBUG_INFO = NO;
				MTL_FAST_MATH = YES;
				SDKROOT = iphoneos;
				SWIFT_COMPILATION_MODE = wholemodule;
				SWIFT_OPTIMIZATION_LEVEL = "-O";
				VALIDATE_PRODUCT = YES;
			};
			name = Release;
		};
		96BD32EA23216DB4009652FE /* Debug */ = {
			isa = XCBuildConfiguration;
			buildSettings = {
				ASSETCATALOG_COMPILER_APPICON_NAME = AppIcon;
				CODE_SIGN_STYLE = Automatic;
				DEVELOPMENT_TEAM = 9GXPKHW5VP;
				INFOPLIST_FILE = GoodNews/Info.plist;
				LD_RUNPATH_SEARCH_PATHS = (
					"$(inherited)",
					"@executable_path/Frameworks",
				);
				PRODUCT_BUNDLE_IDENTIFIER = br.net.easify.goodnews.GoodNews;
				PRODUCT_NAME = "$(TARGET_NAME)";
				SWIFT_VERSION = 5.0;
				TARGETED_DEVICE_FAMILY = "1,2";
			};
			name = Debug;
		};
		96BD32EB23216DB4009652FE /* Release */ = {
			isa = XCBuildConfiguration;
			buildSettings = {
				ASSETCATALOG_COMPILER_APPICON_NAME = AppIcon;
				CODE_SIGN_STYLE = Automatic;
				DEVELOPMENT_TEAM = 9GXPKHW5VP;
				INFOPLIST_FILE = GoodNews/Info.plist;
				LD_RUNPATH_SEARCH_PATHS = (
					"$(inherited)",
					"@executable_path/Frameworks",
				);
				PRODUCT_BUNDLE_IDENTIFIER = br.net.easify.goodnews.GoodNews;
				PRODUCT_NAME = "$(TARGET_NAME)";
				SWIFT_VERSION = 5.0;
				TARGETED_DEVICE_FAMILY = "1,2";
			};
			name = Release;
		};
		96BD32ED23216DB4009652FE /* Debug */ = {
			isa = XCBuildConfiguration;
			buildSettings = {
				ALWAYS_EMBED_SWIFT_STANDARD_LIBRARIES = YES;
				BUNDLE_LOADER = "$(TEST_HOST)";
				CODE_SIGN_STYLE = Automatic;
				DEVELOPMENT_TEAM = 9GXPKHW5VP;
				INFOPLIST_FILE = GoodNewsTests/Info.plist;
				LD_RUNPATH_SEARCH_PATHS = (
					"$(inherited)",
					"@executable_path/Frameworks",
					"@loader_path/Frameworks",
				);
				PRODUCT_BUNDLE_IDENTIFIER = br.net.easify.goodnews.GoodNewsTests;
				PRODUCT_NAME = "$(TARGET_NAME)";
				SWIFT_VERSION = 5.0;
				TARGETED_DEVICE_FAMILY = "1,2";
				TEST_HOST = "$(BUILT_PRODUCTS_DIR)/GoodNews.app/GoodNews";
			};
			name = Debug;
		};
		96BD32EE23216DB4009652FE /* Release */ = {
			isa = XCBuildConfiguration;
			buildSettings = {
				ALWAYS_EMBED_SWIFT_STANDARD_LIBRARIES = YES;
				BUNDLE_LOADER = "$(TEST_HOST)";
				CODE_SIGN_STYLE = Automatic;
				DEVELOPMENT_TEAM = 9GXPKHW5VP;
				INFOPLIST_FILE = GoodNewsTests/Info.plist;
				LD_RUNPATH_SEARCH_PATHS = (
					"$(inherited)",
					"@executable_path/Frameworks",
					"@loader_path/Frameworks",
				);
				PRODUCT_BUNDLE_IDENTIFIER = br.net.easify.goodnews.GoodNewsTests;
				PRODUCT_NAME = "$(TARGET_NAME)";
				SWIFT_VERSION = 5.0;
				TARGETED_DEVICE_FAMILY = "1,2";
				TEST_HOST = "$(BUILT_PRODUCTS_DIR)/GoodNews.app/GoodNews";
			};
			name = Release;
		};
		96BD32F023216DB4009652FE /* Debug */ = {
			isa = XCBuildConfiguration;
			buildSettings = {
				ALWAYS_EMBED_SWIFT_STANDARD_LIBRARIES = YES;
				CODE_SIGN_STYLE = Automatic;
				DEVELOPMENT_TEAM = 9GXPKHW5VP;
				INFOPLIST_FILE = GoodNewsUITests/Info.plist;
				LD_RUNPATH_SEARCH_PATHS = (
					"$(inherited)",
					"@executable_path/Frameworks",
					"@loader_path/Frameworks",
				);
				PRODUCT_BUNDLE_IDENTIFIER = br.net.easify.goodnews.GoodNewsUITests;
				PRODUCT_NAME = "$(TARGET_NAME)";
				SWIFT_VERSION = 5.0;
				TARGETED_DEVICE_FAMILY = "1,2";
				TEST_TARGET_NAME = GoodNews;
			};
			name = Debug;
		};
		96BD32F123216DB4009652FE /* Release */ = {
			isa = XCBuildConfiguration;
			buildSettings = {
				ALWAYS_EMBED_SWIFT_STANDARD_LIBRARIES = YES;
				CODE_SIGN_STYLE = Automatic;
				DEVELOPMENT_TEAM = 9GXPKHW5VP;
				INFOPLIST_FILE = GoodNewsUITests/Info.plist;
				LD_RUNPATH_SEARCH_PATHS = (
					"$(inherited)",
					"@executable_path/Frameworks",
					"@loader_path/Frameworks",
				);
				PRODUCT_BUNDLE_IDENTIFIER = br.net.easify.goodnews.GoodNewsUITests;
				PRODUCT_NAME = "$(TARGET_NAME)";
				SWIFT_VERSION = 5.0;
				TARGETED_DEVICE_FAMILY = "1,2";
				TEST_TARGET_NAME = GoodNews;
			};
			name = Release;
		};
/* End XCBuildConfiguration section */

/* Begin XCConfigurationList section */
		96BD32BC23216DB2009652FE /* Build configuration list for PBXProject "GoodNews" */ = {
			isa = XCConfigurationList;
			buildConfigurations = (
				96BD32E723216DB4009652FE /* Debug */,
				96BD32E823216DB4009652FE /* Release */,
			);
			defaultConfigurationIsVisible = 0;
			defaultConfigurationName = Release;
		};
		96BD32E923216DB4009652FE /* Build configuration list for PBXNativeTarget "GoodNews" */ = {
			isa = XCConfigurationList;
			buildConfigurations = (
				96BD32EA23216DB4009652FE /* Debug */,
				96BD32EB23216DB4009652FE /* Release */,
			);
			defaultConfigurationIsVisible = 0;
			defaultConfigurationName = Release;
		};
		96BD32EC23216DB4009652FE /* Build configuration list for PBXNativeTarget "GoodNewsTests" */ = {
			isa = XCConfigurationList;
			buildConfigurations = (
				96BD32ED23216DB4009652FE /* Debug */,
				96BD32EE23216DB4009652FE /* Release */,
			);
			defaultConfigurationIsVisible = 0;
			defaultConfigurationName = Release;
		};
		96BD32EF23216DB4009652FE /* Build configuration list for PBXNativeTarget "GoodNewsUITests" */ = {
			isa = XCConfigurationList;
			buildConfigurations = (
				96BD32F023216DB4009652FE /* Debug */,
				96BD32F123216DB4009652FE /* Release */,
			);
			defaultConfigurationIsVisible = 0;
			defaultConfigurationName = Release;
		};
/* End XCConfigurationList section */
	};
	rootObject = 96BD32B923216DB2009652FE /* Project object */;
}
